
Microsoft Visual Studio Solution File, Format Version 12.00
# Visual Studio Version 17
VisualStudioVersion = 17.14.36915.13 d17.14
MinimumVisualStudioVersion = 10.0.40219.1
Project("{8BC9CEB8-8B4A-11D0-8D11-00A0C91BC942}") = "Iter_FFT", "Iter_FFT.vcxproj", "{14F72D2F-5159-A3F5-6B16-24B5DC606932}"
EndProject
Global
	GlobalSection(SolutionConfigurationPlatforms) = preSolution
		Debug|x64 = Debug|x64
		Release|x64 = Release|x64
	EndGlobalSection
	GlobalSection(ProjectConfigurationPlatforms) = postSolution
		{14F72D2F-5159-A3F5-6B16-24B5DC606932}.Debug|x64.ActiveCfg = Debug|x64
		{14F72D2F-5159-A3F5-6B16-24B5DC606932}.Debug|x64.Build.0 = Debug|x64
		{14F72D2F-5159-A3F5-6B16-24B5DC606932}.Release|x64.ActiveCfg = Release|x64
		{14F72D2F-5159-A3F5-6B16-24B5DC606932}.Release|x64.Build.0 = Release|x64
	EndGlobalSection
	GlobalSection(SolutionProperties) = preSolution
		HideSolutionNode = FALSE
	EndGlobalSection
	GlobalSection(ExtensibilityGlobals) = postSolution
		SolutionGuid = {774ACF14-7CD3-4A1E-BDE6-B34351701595}
	EndGlobalSection
EndGlobal
